// !$*UTF8*$!
{
	archiveVersion = 1;
	classes = {
	};
	objectVersion = 46;
	objects = {

/* Begin PBXBuildFile section */
		22F979B21F474A2A00A20E89 /* main.m in Sources */ = {isa = PBXBuildFile; fileRef = 22F979B11F474A2A00A20E89 /* main.m */; };
		22F979B51F474A2A00A20E89 /* AppDelegate.m in Sources */ = {isa = PBXBuildFile; fileRef = 22F979B41F474A2A00A20E89 /* AppDelegate.m */; };
		22F979B81F474A2A00A20E89 /* ViewController.m in Sources */ = {isa = PBXBuildFile; fileRef = 22F979B71F474A2A00A20E89 /* ViewController.m */; };
		22F979BB1F474A2A00A20E89 /* Main.storyboard in Resources */ = {isa = PBXBuildFile; fileRef = 22F979B91F474A2A00A20E89 /* Main.storyboard */; };
		22F979BD1F474A2A00A20E89 /* Assets.xcassets in Resources */ = {isa = PBXBuildFile; fileRef = 22F979BC1F474A2A00A20E89 /* Assets.xcassets */; };
		22F979C01F474A2A00A20E89 /* LaunchScreen.storyboard in Resources */ = {isa = PBXBuildFile; fileRef = 22F979BE1F474A2A00A20E89 /* LaunchScreen.storyboard */; };
		22F979C91F474FD900A20E89 /* RootsViewController.m in Sources */ = {isa = PBXBuildFile; fileRef = 22F979C81F474FD900A20E89 /* RootsViewController.m */; };
		22F979CB1F474FE600A20E89 /* Roots.storyboard in Resources */ = {isa = PBXBuildFile; fileRef = 22F979CA1F474FE600A20E89 /* Roots.storyboard */; };
/* End PBXBuildFile section */

/* Begin PBXFileReference section */
		22F979AD1F474A2A00A20E89 /* Tree.app */ = {isa = PBXFileReference; explicitFileType = wrapper.application; includeInIndex = 0; path = Tree.app; sourceTree = BUILT_PRODUCTS_DIR; };
		22F979B11F474A2A00A20E89 /* main.m */ = {isa = PBXFileReference; lastKnownFileType = sourcecode.c.objc; path = main.m; sourceTree = "<group>"; };
		22F979B31F474A2A00A20E89 /* AppDelegate.h */ = {isa = PBXFileReference; lastKnownFileType = sourcecode.c.h; path = AppDelegate.h; sourceTree = "<group>"; };
		22F979B41F474A2A00A20E89 /* AppDelegate.m */ = {isa = PBXFileReference; lastKnownFileType = sourcecode.c.objc; path = AppDelegate.m; sourceTree = "<group>"; };
		22F979B61F474A2A00A20E89 /* ViewController.h */ = {isa = PBXFileReference; lastKnownFileType = sourcecode.c.h; path = ViewController.h; sourceTree = "<group>"; };
		22F979B71F474A2A00A20E89 /* ViewController.m */ = {isa = PBXFileReference; lastKnownFileType = sourcecode.c.objc; path = ViewController.m; sourceTree = "<group>"; };
		22F979BA1F474A2A00A20E89 /* Base */ = {isa = PBXFileReference; lastKnownFileType = file.storyboard; name = Base; path = Base.lproj/Main.storyboard; sourceTree = "<group>"; };
		22F979BC1F474A2A00A20E89 /* Assets.xcassets */ = {isa = PBXFileReference; lastKnownFileType = folder.assetcatalog; path = Assets.xcassets; sourceTree = "<group>"; };
		22F979BF1F474A2A00A20E89 /* Base */ = {isa = PBXFileReference; lastKnownFileType = file.storyboard; name = Base; path = Base.lproj/LaunchScreen.storyboard; sourceTree = "<group>"; };
		22F979C11F474A2A00A20E89 /* Info.plist */ = {isa = PBXFileReference; lastKnownFileType = text.plist.xml; path = Info.plist; sourceTree = "<group>"; };
		22F979C71F474FD900A20E89 /* RootsViewController.h */ = {isa = PBXFileReference; fileEncoding = 4; lastKnownFileType = sourcecode.c.h; path = RootsViewController.h; sourceTree = "<group>"; };
		22F979C81F474FD900A20E89 /* RootsViewController.m */ = {isa = PBXFileReference; fileEncoding = 4; lastKnownFileType = sourcecode.c.objc; path = RootsViewController.m; sourceTree = "<group>"; };
		22F979CA1F474FE600A20E89 /* Roots.storyboard */ = {isa = PBXFileReference; fileEncoding = 4; lastKnownFileType = file.storyboard; path = Roots.storyboard; sourceTree = "<group>"; };
/* End PBXFileReference section */

/* Begin PBXFrameworksBuildPhase section */
		22F979AA1F474A2A00A20E89 /* Frameworks */ = {
			isa = PBXFrameworksBuildPhase;
			buildActionMask = 2147483647;
			files = (
			);
			runOnlyForDeploymentPostprocessing = 0;
		};
/* End PBXFrameworksBuildPhase section */

/* Begin PBXGroup section */
		22F979A41F474A2A00A20E89 = {
			isa = PBXGroup;
			children = (
				22F979AF1F474A2A00A20E89 /* Tree */,
				22F979AE1F474A2A00A20E89 /* Products */,
			);
			sourceTree = "<group>";
		};
		22F979AE1F474A2A00A20E89 /* Products */ = {
			isa = PBXGroup;
			children = (
				22F979AD1F474A2A00A20E89 /* Tree.app */,
			);
			name = Products;
			sourceTree = "<group>";
		};
		22F979AF1F474A2A00A20E89 /* Tree */ = {
			isa = PBXGroup;
			children = (
				22F979B31F474A2A00A20E89 /* AppDelegate.h */,
				22F979B41F474A2A00A20E89 /* AppDelegate.m */,
				22F979B61F474A2A00A20E89 /* ViewController.h */,
				22F979B71F474A2A00A20E89 /* ViewController.m */,
				22F979C71F474FD900A20E89 /* RootsViewController.h */,
				22F979C81F474FD900A20E89 /* RootsViewController.m */,
				22F979CA1F474FE600A20E89 /* Roots.storyboard */,
				22F979B91F474A2A00A20E89 /* Main.storyboard */,
				22F979BC1F474A2A00A20E89 /* Assets.xcassets */,
				22F979BE1F474A2A00A20E89 /* LaunchScreen.storyboard */,
				22F979C11F474A2A00A20E89 /* Info.plist */,
				22F979B01F474A2A00A20E89 /* Supporting Files */,
			);
			path = Tree;
			sourceTree = "<group>";
		};
		22F979B01F474A2A00A20E89 /* Supporting Files */ = {
			isa = PBXGroup;
			children = (
				22F979B11F474A2A00A20E89 /* main.m */,
			);
			name = "Supporting Files";
			sourceTree = "<group>";
		};
/* End PBXGroup section */

/* Begin PBXNativeTarget section */
		22F979AC1F474A2A00A20E89 /* Tree */ = {
			isa = PBXNativeTarget;
			buildConfigurationList = 22F979C41F474A2A00A20E89 /* Build configuration list for PBXNativeTarget "Tree" */;
			buildPhases = (
				22F979A91F474A2A00A20E89 /* Sources */,
				22F979AA1F474A2A00A20E89 /* Frameworks */,
				22F979AB1F474A2A00A20E89 /* Resources */,
			);
			buildRules = (
			);
			dependencies = (
			);
			name = Tree;
			productName = Tree;
			productReference = 22F979AD1F474A2A00A20E89 /* Tree.app */;
			productType = "com.apple.product-type.application";
		};
/* End PBXNativeTarget section */

/* Begin PBXProject section */
		22F979A51F474A2A00A20E89 /* Project object */ = {
			isa = PBXProject;
			attributes = {
				LastUpgradeCheck = 0830;
				ORGANIZATIONNAME = "Sam Meech-Ward";
				TargetAttributes = {
					22F979AC1F474A2A00A20E89 = {
						CreatedOnToolsVersion = 8.3.3;
						ProvisioningStyle = Automatic;
					};
				};
			};
			buildConfigurationList = 22F979A81F474A2A00A20E89 /* Build configuration list for PBXProject "Tree" */;
			compatibilityVersion = "Xcode 3.2";
			developmentRegion = English;
			hasScannedForEncodings = 0;
			knownRegions = (
				en,
				Base,
			);
			mainGroup = 22F979A41F474A2A00A20E89;
			productRefGroup = 22F979AE1F474A2A00A20E89 /* Products */;
			projectDirPath = "";
			projectRoot = "";
			targets = (
				22F979AC1F474A2A00A20E89 /* Tree */,
			);
		};
/* End PBXProject section */

/* Begin PBXResourcesBuildPhase section */
		22F979AB1F474A2A00A20E89 /* Resources */ = {
			isa = PBXResourcesBuildPhase;
			buildActionMask = 2147483647;
			files = (
				22F979C01F474A2A00A20E89 /* LaunchScreen.storyboard in Resources */,
				22F979BD1F474A2A00A20E89 /* Assets.xcassets in Resources */,
				22F979CB1F474FE600A20E89 /* Roots.storyboard in Resources */,
				22F979BB1F474A2A00A20E89 /* Main.storyboard in Resources */,
			);
			runOnlyForDeploymentPostprocessing = 0;
		};
/* End PBXResourcesBuildPhase section */

/* Begin PBXSourcesBuildPhase section */
		22F979A91F474A2A00A20E89 /* Sources */ = {
			isa = PBXSourcesBuildPhase;
			buildActionMask = 2147483647;
			files = (
				22F979B81F474A2A00A20E89 /* ViewController.m in Sources */,
				22F979B51F474A2A00A20E89 /* AppDelegate.m in Sources */,
				22F979C91F474FD900A20E89 /* RootsViewController.m in Sources */,
				22F979B21F474A2A00A20E89 /* main.m in Sources */,
			);
			runOnlyForDeploymentPostprocessing = 0;
		};
/* End PBXSourcesBuildPhase section */

/* Begin PBXVariantGroup section */
		22F979B91F474A2A00A20E89 /* Main.storyboard */ = {
			isa = PBXVariantGroup;
			children = (
				22F979BA1F474A2A00A20E89 /* Base */,
			);
			name = Main.storyboard;
			sourceTree = "<group>";
		};
		22F979BE1F474A2A00A20E89 /* LaunchScreen.storyboard */ = {
			isa = PBXVariantGroup;
			children = (
				22F979BF1F474A2A00A20E89 /* Base */,
			);
			name = LaunchScreen.storyboard;
			sourceTree = "<group>";
		};
/* End PBXVariantGroup section */

/* Begin XCBuildConfiguration section */
		22F979C21F474A2A00A20E89 /* Debug */ = {
			isa = XCBuildConfiguration;
			buildSettings = {
				ALWAYS_SEARCH_USER_PATHS = NO;
				CLANG_ANALYZER_NONNULL = YES;
				CLANG_ANALYZER_NUMBER_OBJECT_CONVERSION = YES_AGGRESSIVE;
				CLANG_CXX_LANGUAGE_STANDARD = "gnu++0x";
				CLANG_CXX_LIBRARY = "libc++";
				CLANG_ENABLE_MODULES = YES;
				CLANG_ENABLE_OBJC_ARC = YES;
				CLANG_WARN_BOOL_CONVERSION = YES;
				CLANG_WARN_CONSTANT_CONVERSION = YES;
				CLANG_WARN_DIRECT_OBJC_ISA_USAGE = YES_ERROR;
				CLANG_WARN_DOCUMENTATION_COMMENTS = YES;
				CLANG_WARN_EMPTY_BODY = YES;
				CLANG_WARN_ENUM_CONVERSION = YES;
				CLANG_WARN_INFINITE_RECURSION = YES;
				CLANG_WARN_INT_CONVERSION = YES;
				CLANG_WARN_OBJC_ROOT_CLASS = YES_ERROR;
				CLANG_WARN_SUSPICIOUS_MOVE = YES;
				CLANG_WARN_UNREACHABLE_CODE = YES;
				CLANG_WARN__DUPLICATE_METHOD_MATCH = YES;
				"CODE_SIGN_IDENTITY[sdk=iphoneos*]" = "iPhone Developer";
				COPY_PHASE_STRIP = NO;
				DEBUG_INFORMATION_FORMAT = dwarf;
				ENABLE_STRICT_OBJC_MSGSEND = YES;
				ENABLE_TESTABILITY = YES;
				GCC_C_LANGUAGE_STANDARD = gnu99;
				GCC_DYNAMIC_NO_PIC = NO;
				GCC_NO_COMMON_BLOCKS = YES;
				GCC_OPTIMIZATION_LEVEL = 0;
				GCC_PREPROCESSOR_DEFINITIONS = (
					"DEBUG=1",
					"$(inherited)",
				);
				GCC_WARN_64_TO_32_BIT_CONVERSION = YES;
				GCC_WARN_ABOUT_RETURN_TYPE = YES_ERROR;
				GCC_WARN_UNDECLARED_SELECTOR = YES;
				GCC_WARN_UNINITIALIZED_AUTOS = YES_AGGRESSIVE;
				GCC_WARN_UNUSED_FUNCTION = YES;
				GCC_WARN_UNUSED_VARIABLE = YES;
				IPHONEOS_DEPLOYMENT_TARGET = 10.3;
				MTL_ENABLE_DEBUG_INFO = YES;
				ONLY_ACTIVE_ARCH = YES;
				SDKROOT = iphoneos;
			};
			name = Debug;
		};
		22F979C31F474A2A00A20E89 /* Release */ = {
			isa = XCBuildConfiguration;
			buildSettings = {
				ALWAYS_SEARCH_USER_PATHS = NO;
				CLANG_ANALYZER_NONNULL = YES;
				CLANG_ANALYZER_NUMBER_OBJECT_CONVERSION = YES_AGGRESSIVE;
				CLANG_CXX_LANGUAGE_STANDARD = "gnu++0x";
				CLANG_CXX_LIBRARY = "libc++";
				CLANG_ENABLE_MODULES = YES;
				CLANG_ENABLE_OBJC_ARC = YES;
				CLANG_WARN_BOOL_CONVERSION = YES;
				CLANG_WARN_CONSTANT_CONVERSION = YES;
				CLANG_WARN_DIRECT_OBJC_ISA_USAGE = YES_ERROR;
				CLANG_WARN_DOCUMENTATION_COMMENTS = YES;
				CLANG_WARN_EMPTY_BODY = YES;
				CLANG_WARN_ENUM_CONVERSION = YES;
				CLANG_WARN_INFINITE_RECURSION = YES;
				CLANG_WARN_INT_CONVERSION = YES;
				CLANG_WARN_OBJC_ROOT_CLASS = YES_ERROR;
				CLANG_WARN_SUSPICIOUS_MOVE = YES;
				CLANG_WARN_UNREACHABLE_CODE = YES;
				CLANG_WARN__DUPLICATE_METHOD_MATCH = YES;
				"CODE_SIGN_IDENTITY[sdk=iphoneos*]" = "iPhone Developer";
				COPY_PHASE_STRIP = NO;
				DEBUG_INFORMATION_FORMAT = "dwarf-with-dsym";
				ENABLE_NS_ASSERTIONS = NO;
				ENABLE_STRICT_OBJC_MSGSEND = YES;
				GCC_C_LANGUAGE_STANDARD = gnu99;
				GCC_NO_COMMON_BLOCKS = YES;
				GCC_WARN_64_TO_32_BIT_CONVERSION = YES;
				GCC_WARN_ABOUT_RETURN_TYPE = YES_ERROR;
				GCC_WARN_UNDECLARED_SELECTOR = YES;
				GCC_WARN_UNINITIALIZED_AUTOS = YES_AGGRESSIVE;
				GCC_WARN_UNUSED_FUNCTION = YES;
				GCC_WARN_UNUSED_VARIABLE = YES;
				IPHONEOS_DEPLOYMENT_TARGET = 10.3;
				MTL_ENABLE_DEBUG_INFO = NO;
				SDKROOT = iphoneos;
				VALIDATE_PRODUCT = YES;
			};
			name = Release;
		};
		22F979C51F474A2A00A20E89 /* Debug */ = {
			isa = XCBuildConfiguration;
			buildSettings = {
				ASSETCATALOG_COMPILER_APPICON_NAME = AppIcon;
				INFOPLIST_FILE = Tree/Info.plist;
				LD_RUNPATH_SEARCH_PATHS = "$(inherited) @executable_path/Frameworks";
				PRODUCT_BUNDLE_IDENTIFIER = "com.meech-ward.Tree";
				PRODUCT_NAME = "$(TARGET_NAME)";
			};
			name = Debug;
		};
		22F979C61F474A2A00A20E89 /* Release */ = {
			isa = XCBuildConfiguration;
			buildSettings = {
				ASSETCATALOG_COMPILER_APPICON_NAME = AppIcon;
				INFOPLIST_FILE = Tree/Info.plist;
				LD_RUNPATH_SEARCH_PATHS = "$(inherited) @executable_path/Frameworks";
				PRODUCT_BUNDLE_IDENTIFIER = "com.meech-ward.Tree";
				PRODUCT_NAME = "$(TARGET_NAME)";
			};
			name = Release;
		};
/* End XCBuildConfiguration section */

/* Begin XCConfigurationList section */
		22F979A81F474A2A00A20E89 /* Build configuration list for PBXProject "Tree" */ = {
			isa = XCConfigurationList;
			buildConfigurations = (
				22F979C21F474A2A00A20E89 /* Debug */,
				22F979C31F474A2A00A20E89 /* Release */,
			);
			defaultConfigurationIsVisible = 0;
			defaultConfigurationName = Release;
		};
		22F979C41F474A2A00A20E89 /* Build configuration list for PBXNativeTarget "Tree" */ = {
			isa = XCConfigurationList;
			buildConfigurations = (
				22F979C51F474A2A00A20E89 /* Debug */,
				22F979C61F474A2A00A20E89 /* Release */,
			);
			defaultConfigurationIsVisible = 0;
		};
/* End XCConfigurationList section */
	};
	rootObject = 22F979A51F474A2A00A20E89 /* Project object */;
}
